github.com/oringik/crypto-chateau v0.1.6 h1:ILwGkgZUY35qCxqEShI2goMdJwphleLhHaThh4WxS60=
github.com/oringik/crypto-chateau v0.1.6/go.mod h1:iuO4dpQyE6/JnCMbvHjE4WW8RWwfWLJ/6I+nW4Itre8=
github.com/oringik/crypto-chateau v0.1.7-0.20221122183409-00f5b410dc24 h1:E8ZnXVk4Lh8/xBJ5YpUSl/X2h846O1bvIHixb1ONXR4=
github.com/oringik/crypto-chateau v0.1.7-0.20221122183409-00f5b410dc24/go.mod h1:iuO4dpQyE6/JnCMbvHjE4WW8RWwfWLJ/6I+nW4Itre8=
